
Microsoft Visual Studio Solution File, Format Version 12.00
# Visual Studio Version 16
VisualStudioVersion = 16.0.31205.134
MinimumVisualStudioVersion = 10.0.40219.1
Project("{FAE04EC0-301F-11D3-BF4B-00C04F79EFBC}") = "ProductsAppBackend", "ProductsAppBackend\ProductsAppBackend.csproj", "{5811B5BF-0A60-4EC9-82D9-9047EF86A26F}"
EndProject
Global
	GlobalSection(SolutionConfigurationPlatforms) = preSolution
		Debug|Any CPU = Debug|Any CPU
		Release|Any CPU = Release|Any CPU
	EndGlobalSection
	GlobalSection(ProjectConfigurationPlatforms) = postSolution
		{5811B5BF-0A60-4EC9-82D9-9047EF86A26F}.Debug|Any CPU.ActiveCfg = Debug|Any CPU
		{5811B5BF-0A60-4EC9-82D9-9047EF86A26F}.Debug|Any CPU.Build.0 = Debug|Any CPU
		{5811B5BF-0A60-4EC9-82D9-9047EF86A26F}.Release|Any CPU.ActiveCfg = Release|Any CPU
		{5811B5BF-0A60-4EC9-82D9-9047EF86A26F}.Release|Any CPU.Build.0 = Release|Any CPU
	EndGlobalSection
	GlobalSection(SolutionProperties) = preSolution
		HideSolutionNode = FALSE
	EndGlobalSection
	GlobalSection(ExtensibilityGlobals) = postSolution
		SolutionGuid = {F5210707-1E7A-43C2-AA79-A00C4440CD26}
	EndGlobalSection
EndGlobal
